# THIS IS AN AUTOGENERATED FILE. DO NOT EDIT THIS FILE DIRECTLY.
# yarn lockfile v1


bluebird@^3.0.0:
  version "3.5.0"
  resolved "https://registry.yarnpkg.com/bluebird/-/bluebird-3.5.0.tgz#791420d7f551eea2897453a8a77653f96606d67c"

debug@^2.2.0:
  version "2.6.3"
  resolved "https://registry.yarnpkg.com/debug/-/debug-2.6.3.tgz#0f7eb8c30965ec08c72accfa0130c8b79984141d"
  dependencies:
    ms "0.7.2"

eventemitter2@^2.1.3:
  version "2.2.2"
  resolved "https://registry.yarnpkg.com/eventemitter2/-/eventemitter2-2.2.2.tgz#407ea71c2020cd57538203ab7e7a6bdcfb7692d5"

is-typedarray@^1.0.0:
  version "1.0.0"
  resolved "https://registry.yarnpkg.com/is-typedarray/-/is-typedarray-1.0.0.tgz#e479c80858df0c1b11ddda6940f96011fcda4a9a"

janus-gateway-js@^0.8.1:
  version "0.8.1"
  resolved "https://registry.yarnpkg.com/janus-gateway-js/-/janus-gateway-js-0.8.1.tgz#0e535c70d70f17887407338bb04a29f2e79dec6d"
  dependencies:
    bluebird "^3.0.0"
    eventemitter2 "^2.1.3"
    webrtc-adapter "~1.1.0"
    webrtcsupport "^2.2.0"
    websocket "^1.0.22"

ms@0.7.2:
  version "0.7.2"
  resolved "https://registry.yarnpkg.com/ms/-/ms-0.7.2.tgz#ae25cf2512b3885a1d95d7f037868d8431124765"

nan@^2.3.3:
  version "2.5.1"
  resolved "https://registry.yarnpkg.com/nan/-/nan-2.5.1.tgz#d5b01691253326a97a2bbee9e61c55d8d60351e2"

typedarray-to-buffer@^3.1.2:
  version "3.1.2"
  resolved "https://registry.yarnpkg.com/typedarray-to-buffer/-/typedarray-to-buffer-3.1.2.tgz#1017b32d984ff556eba100f501589aba1ace2e04"
  dependencies:
    is-typedarray "^1.0.0"

webrtc-adapter@~1.1.0:
  version "1.1.0"
  resolved "https://registry.yarnpkg.com/webrtc-adapter/-/webrtc-adapter-1.1.0.tgz#34062f71d15735050d40dabbdc4563c86dc68a27"

webrtcsupport@^2.2.0:
  version "2.2.0"
  resolved "https://registry.yarnpkg.com/webrtcsupport/-/webrtcsupport-2.2.0.tgz#32d8c9608725ada352af0ab6abf21acab5182aa6"

websocket@^1.0.22:
  version "1.0.24"
  resolved "https://registry.yarnpkg.com/websocket/-/websocket-1.0.24.tgz#74903e75f2545b6b2e1de1425bc1c905917a1890"
  dependencies:
    debug "^2.2.0"
    nan "^2.3.3"
    typedarray-to-buffer "^3.1.2"
    yaeti "^0.0.6"

yaeti@^0.0.6:
  version "0.0.6"
  resolved "https://registry.yarnpkg.com/yaeti/-/yaeti-0.0.6.tgz#f26f484d72684cf42bedfb76970aa1608fbf9577"
